// !$*UTF8*$!
{
	archiveVersion = 1;
	classes = {
	};
	objectVersion = 50;
	objects = {

/* Begin PBXBuildFile section */
		480D9819264A072C00A6EBA4 /* ContentView.swift in Sources */ = {isa = PBXBuildFile; fileRef = 480D9818264A072C00A6EBA4 /* ContentView.swift */; };
		48D031CA264A2D0B00406FFA /* Forget1.swift in Sources */ = {isa = PBXBuildFile; fileRef = 48D031C9264A2D0B00406FFA /* Forget1.swift */; };
		48D17C99264602E5009C97B8 /* Login.swift in Sources */ = {isa = PBXBuildFile; fileRef = 48D17C98264602E5009C97B8 /* Login.swift */; };
		48D17CA626460DB6009C97B8 /* Signup.swift in Sources */ = {isa = PBXBuildFile; fileRef = 48D17CA526460DB6009C97B8 /* Signup.swift */; };
		48D17CCB264A02A6009C97B8 /* Signup_Done.swift in Sources */ = {isa = PBXBuildFile; fileRef = 48D17CCA264A02A6009C97B8 /* Signup_Done.swift */; };
		835E5EFE26538539007F88CD /* TimerInputField.swift in Sources */ = {isa = PBXBuildFile; fileRef = 835E5EFD26538539007F88CD /* TimerInputField.swift */; };
		835E5F0026538E70007F88CD /* ChooseAnimalView.swift in Sources */ = {isa = PBXBuildFile; fileRef = 835E5EFF26538E70007F88CD /* ChooseAnimalView.swift */; };
		8372F8342645E154009F2351 /* CountDown.swift in Sources */ = {isa = PBXBuildFile; fileRef = 8372F8332645E154009F2351 /* CountDown.swift */; };
		839BC360264654A20080C7F9 /* ContentView.swift in Sources */ = {isa = PBXBuildFile; fileRef = 839BC35F264654A20080C7F9 /* ContentView.swift */; };
		839BC362264659180080C7F9 /* PopUpWindow.swift in Sources */ = {isa = PBXBuildFile; fileRef = 839BC361264659180080C7F9 /* PopUpWindow.swift */; };
		839BC3642649FF180080C7F9 /* iOSUser.swift in Sources */ = {isa = PBXBuildFile; fileRef = 839BC3632649FF180080C7F9 /* iOSUser.swift */; };
		839BC366264A01CA0080C7F9 /* FocusRound.swift in Sources */ = {isa = PBXBuildFile; fileRef = 839BC365264A01CA0080C7F9 /* FocusRound.swift */; };
		839BC36A264A3CEE0080C7F9 /* Icon.swift in Sources */ = {isa = PBXBuildFile; fileRef = 839BC369264A3CEE0080C7F9 /* Icon.swift */; };
		83B5949E262E4DDA0046A830 /* FocusApp.swift in Sources */ = {isa = PBXBuildFile; fileRef = 83B5949D262E4DDA0046A830 /* FocusApp.swift */; };
		83B594A2262E4DDC0046A830 /* Assets.xcassets in Resources */ = {isa = PBXBuildFile; fileRef = 83B594A1262E4DDC0046A830 /* Assets.xcassets */; };
		83B594A5262E4DDC0046A830 /* Preview Assets.xcassets in Resources */ = {isa = PBXBuildFile; fileRef = 83B594A4262E4DDC0046A830 /* Preview Assets.xcassets */; };
		83B594B0262E4DDD0046A830 /* FocusTests.swift in Sources */ = {isa = PBXBuildFile; fileRef = 83B594AF262E4DDD0046A830 /* FocusTests.swift */; };
		83B594BB262E4DDD0046A830 /* FocusUITests.swift in Sources */ = {isa = PBXBuildFile; fileRef = 83B594BA262E4DDD0046A830 /* FocusUITests.swift */; };
/* End PBXBuildFile section */

/* Begin PBXContainerItemProxy section */
		83B594AC262E4DDD0046A830 /* PBXContainerItemProxy */ = {
			isa = PBXContainerItemProxy;
			containerPortal = 83B59492262E4DDA0046A830 /* Project object */;
			proxyType = 1;
			remoteGlobalIDString = 83B59499262E4DDA0046A830;
			remoteInfo = Focus;
		};
		83B594B7262E4DDD0046A830 /* PBXContainerItemProxy */ = {
			isa = PBXContainerItemProxy;
			containerPortal = 83B59492262E4DDA0046A830 /* Project object */;
			proxyType = 1;
			remoteGlobalIDString = 83B59499262E4DDA0046A830;
			remoteInfo = Focus;
		};
/* End PBXContainerItemProxy section */

/* Begin PBXFileReference section */
		480D9818264A072C00A6EBA4 /* ContentView.swift */ = {isa = PBXFileReference; lastKnownFileType = sourcecode.swift; path = ContentView.swift; sourceTree = "<group>"; };
		48D031C9264A2D0B00406FFA /* Forget1.swift */ = {isa = PBXFileReference; lastKnownFileType = sourcecode.swift; path = Forget1.swift; sourceTree = "<group>"; };
		48D17C98264602E5009C97B8 /* Login.swift */ = {isa = PBXFileReference; lastKnownFileType = sourcecode.swift; path = Login.swift; sourceTree = "<group>"; };
		48D17CA526460DB6009C97B8 /* Signup.swift */ = {isa = PBXFileReference; lastKnownFileType = sourcecode.swift; path = Signup.swift; sourceTree = "<group>"; };
		48D17CCA264A02A6009C97B8 /* Signup_Done.swift */ = {isa = PBXFileReference; lastKnownFileType = sourcecode.swift; path = Signup_Done.swift; sourceTree = "<group>"; };
		835E5EFD26538539007F88CD /* TimerInputField.swift */ = {isa = PBXFileReference; lastKnownFileType = sourcecode.swift; path = TimerInputField.swift; sourceTree = "<group>"; };
		835E5EFF26538E70007F88CD /* ChooseAnimalView.swift */ = {isa = PBXFileReference; lastKnownFileType = sourcecode.swift; path = ChooseAnimalView.swift; sourceTree = "<group>"; };
		8372F8332645E154009F2351 /* CountDown.swift */ = {isa = PBXFileReference; lastKnownFileType = sourcecode.swift; path = CountDown.swift; sourceTree = "<group>"; };
		839BC35F264654A20080C7F9 /* ContentView.swift */ = {isa = PBXFileReference; lastKnownFileType = sourcecode.swift; path = ContentView.swift; sourceTree = "<group>"; };
		839BC361264659180080C7F9 /* PopUpWindow.swift */ = {isa = PBXFileReference; lastKnownFileType = sourcecode.swift; path = PopUpWindow.swift; sourceTree = "<group>"; };
		839BC3632649FF180080C7F9 /* iOSUser.swift */ = {isa = PBXFileReference; lastKnownFileType = sourcecode.swift; path = iOSUser.swift; sourceTree = "<group>"; };
		839BC365264A01CA0080C7F9 /* FocusRound.swift */ = {isa = PBXFileReference; lastKnownFileType = sourcecode.swift; path = FocusRound.swift; sourceTree = "<group>"; };
		839BC369264A3CEE0080C7F9 /* Icon.swift */ = {isa = PBXFileReference; lastKnownFileType = sourcecode.swift; path = Icon.swift; sourceTree = "<group>"; };
		83B5949A262E4DDA0046A830 /* Focus.app */ = {isa = PBXFileReference; explicitFileType = wrapper.application; includeInIndex = 0; path = Focus.app; sourceTree = BUILT_PRODUCTS_DIR; };
		83B5949D262E4DDA0046A830 /* FocusApp.swift */ = {isa = PBXFileReference; lastKnownFileType = sourcecode.swift; path = FocusApp.swift; sourceTree = "<group>"; };
		83B594A1262E4DDC0046A830 /* Assets.xcassets */ = {isa = PBXFileReference; lastKnownFileType = folder.assetcatalog; path = Assets.xcassets; sourceTree = "<group>"; };
		83B594A4262E4DDC0046A830 /* Preview Assets.xcassets */ = {isa = PBXFileReference; lastKnownFileType = folder.assetcatalog; path = "Preview Assets.xcassets"; sourceTree = "<group>"; };
		83B594A6262E4DDC0046A830 /* Info.plist */ = {isa = PBXFileReference; lastKnownFileType = text.plist.xml; path = Info.plist; sourceTree = "<group>"; };
		83B594AB262E4DDD0046A830 /* FocusTests.xctest */ = {isa = PBXFileReference; explicitFileType = wrapper.cfbundle; includeInIndex = 0; path = FocusTests.xctest; sourceTree = BUILT_PRODUCTS_DIR; };
		83B594AF262E4DDD0046A830 /* FocusTests.swift */ = {isa = PBXFileReference; lastKnownFileType = sourcecode.swift; path = FocusTests.swift; sourceTree = "<group>"; };
		83B594B1262E4DDD0046A830 /* Info.plist */ = {isa = PBXFileReference; lastKnownFileType = text.plist.xml; path = Info.plist; sourceTree = "<group>"; };
		83B594B6262E4DDD0046A830 /* FocusUITests.xctest */ = {isa = PBXFileReference; explicitFileType = wrapper.cfbundle; includeInIndex = 0; path = FocusUITests.xctest; sourceTree = BUILT_PRODUCTS_DIR; };
		83B594BA262E4DDD0046A830 /* FocusUITests.swift */ = {isa = PBXFileReference; lastKnownFileType = sourcecode.swift; path = FocusUITests.swift; sourceTree = "<group>"; };
		83B594BC262E4DDD0046A830 /* Info.plist */ = {isa = PBXFileReference; lastKnownFileType = text.plist.xml; path = Info.plist; sourceTree = "<group>"; };
/* End PBXFileReference section */

/* Begin PBXFrameworksBuildPhase section */
		83B59497262E4DDA0046A830 /* Frameworks */ = {
			isa = PBXFrameworksBuildPhase;
			buildActionMask = 2147483647;
			files = (
			);
			runOnlyForDeploymentPostprocessing = 0;
		};
		83B594A8262E4DDD0046A830 /* Frameworks */ = {
			isa = PBXFrameworksBuildPhase;
			buildActionMask = 2147483647;
			files = (
			);
			runOnlyForDeploymentPostprocessing = 0;
		};
		83B594B3262E4DDD0046A830 /* Frameworks */ = {
			isa = PBXFrameworksBuildPhase;
			buildActionMask = 2147483647;
			files = (
			);
			runOnlyForDeploymentPostprocessing = 0;
		};
/* End PBXFrameworksBuildPhase section */

/* Begin PBXGroup section */
		839BC368264A049C0080C7F9 /* Classes */ = {
			isa = PBXGroup;
			children = (
				839BC3632649FF180080C7F9 /* iOSUser.swift */,
				839BC365264A01CA0080C7F9 /* FocusRound.swift */,
			);
			path = Classes;
			sourceTree = "<group>";
		};
		83B59491262E4DDA0046A830 = {
			isa = PBXGroup;
			children = (
				83B5949C262E4DDA0046A830 /* Focus */,
				83B594AE262E4DDD0046A830 /* FocusTests */,
				83B594B9262E4DDD0046A830 /* FocusUITests */,
				83B5949B262E4DDA0046A830 /* Products */,
			);
			sourceTree = "<group>";
		};
		83B5949B262E4DDA0046A830 /* Products */ = {
			isa = PBXGroup;
			children = (
				83B5949A262E4DDA0046A830 /* Focus.app */,
				83B594AB262E4DDD0046A830 /* FocusTests.xctest */,
				83B594B6262E4DDD0046A830 /* FocusUITests.xctest */,
			);
			name = Products;
			sourceTree = "<group>";
		};
		83B5949C262E4DDA0046A830 /* Focus */ = {
			isa = PBXGroup;
			children = (
				83B5949D262E4DDA0046A830 /* FocusApp.swift */,
				48D17CCA264A02A6009C97B8 /* Signup_Done.swift */,
				8372F8332645E154009F2351 /* CountDown.swift */,
				835E5EFD26538539007F88CD /* TimerInputField.swift */,
				839BC368264A049C0080C7F9 /* Classes */,
				839BC361264659180080C7F9 /* PopUpWindow.swift */,
				839BC35F264654A20080C7F9 /* ContentView.swift */,
				48D17C98264602E5009C97B8 /* Login.swift */,
				48D031C9264A2D0B00406FFA /* Forget1.swift */,
				48D17CA526460DB6009C97B8 /* Signup.swift */,
				83B594A1262E4DDC0046A830 /* Assets.xcassets */,
				835E5EFF26538E70007F88CD /* ChooseAnimalView.swift */,
				839BC369264A3CEE0080C7F9 /* Icon.swift */,
				480D9818264A072C00A6EBA4 /* ContentView.swift */,
				83B594A6262E4DDC0046A830 /* Info.plist */,
				83B594A3262E4DDC0046A830 /* Preview Content */,
			);
			path = Focus;
			sourceTree = "<group>";
		};
		83B594A3262E4DDC0046A830 /* Preview Content */ = {
			isa = PBXGroup;
			children = (
				83B594A4262E4DDC0046A830 /* Preview Assets.xcassets */,
			);
			path = "Preview Content";
			sourceTree = "<group>";
		};
		83B594AE262E4DDD0046A830 /* FocusTests */ = {
			isa = PBXGroup;
			children = (
				83B594AF262E4DDD0046A830 /* FocusTests.swift */,
				83B594B1262E4DDD0046A830 /* Info.plist */,
			);
			path = FocusTests;
			sourceTree = "<group>";
		};
		83B594B9262E4DDD0046A830 /* FocusUITests */ = {
			isa = PBXGroup;
			children = (
				83B594BA262E4DDD0046A830 /* FocusUITests.swift */,
				83B594BC262E4DDD0046A830 /* Info.plist */,
			);
			path = FocusUITests;
			sourceTree = "<group>";
		};
/* End PBXGroup section */

/* Begin PBXNativeTarget section */
		83B59499262E4DDA0046A830 /* Focus */ = {
			isa = PBXNativeTarget;
			buildConfigurationList = 83B594BF262E4DDD0046A830 /* Build configuration list for PBXNativeTarget "Focus" */;
			buildPhases = (
				83B59496262E4DDA0046A830 /* Sources */,
				83B59497262E4DDA0046A830 /* Frameworks */,
				83B59498262E4DDA0046A830 /* Resources */,
			);
			buildRules = (
			);
			dependencies = (
			);
			name = Focus;
			productName = Focus;
			productReference = 83B5949A262E4DDA0046A830 /* Focus.app */;
			productType = "com.apple.product-type.application";
		};
		83B594AA262E4DDD0046A830 /* FocusTests */ = {
			isa = PBXNativeTarget;
			buildConfigurationList = 83B594C2262E4DDD0046A830 /* Build configuration list for PBXNativeTarget "FocusTests" */;
			buildPhases = (
				83B594A7262E4DDD0046A830 /* Sources */,
				83B594A8262E4DDD0046A830 /* Frameworks */,
				83B594A9262E4DDD0046A830 /* Resources */,
			);
			buildRules = (
			);
			dependencies = (
				83B594AD262E4DDD0046A830 /* PBXTargetDependency */,
			);
			name = FocusTests;
			productName = FocusTests;
			productReference = 83B594AB262E4DDD0046A830 /* FocusTests.xctest */;
			productType = "com.apple.product-type.bundle.unit-test";
		};
		83B594B5262E4DDD0046A830 /* FocusUITests */ = {
			isa = PBXNativeTarget;
			buildConfigurationList = 83B594C5262E4DDD0046A830 /* Build configuration list for PBXNativeTarget "FocusUITests" */;
			buildPhases = (
				83B594B2262E4DDD0046A830 /* Sources */,
				83B594B3262E4DDD0046A830 /* Frameworks */,
				83B594B4262E4DDD0046A830 /* Resources */,
			);
			buildRules = (
			);
			dependencies = (
				83B594B8262E4DDD0046A830 /* PBXTargetDependency */,
			);
			name = FocusUITests;
			productName = FocusUITests;
			productReference = 83B594B6262E4DDD0046A830 /* FocusUITests.xctest */;
			productType = "com.apple.product-type.bundle.ui-testing";
		};
/* End PBXNativeTarget section */

/* Begin PBXProject section */
		83B59492262E4DDA0046A830 /* Project object */ = {
			isa = PBXProject;
			attributes = {
				LastSwiftUpdateCheck = 1240;
				LastUpgradeCheck = 1240;
				TargetAttributes = {
					83B59499262E4DDA0046A830 = {
						CreatedOnToolsVersion = 12.4;
					};
					83B594AA262E4DDD0046A830 = {
						CreatedOnToolsVersion = 12.4;
						TestTargetID = 83B59499262E4DDA0046A830;
					};
					83B594B5262E4DDD0046A830 = {
						CreatedOnToolsVersion = 12.4;
						TestTargetID = 83B59499262E4DDA0046A830;
					};
				};
			};
			buildConfigurationList = 83B59495262E4DDA0046A830 /* Build configuration list for PBXProject "Focus" */;
			compatibilityVersion = "Xcode 9.3";
			developmentRegion = en;
			hasScannedForEncodings = 0;
			knownRegions = (
				en,
				Base,
			);
			mainGroup = 83B59491262E4DDA0046A830;
			productRefGroup = 83B5949B262E4DDA0046A830 /* Products */;
			projectDirPath = "";
			projectRoot = "";
			targets = (
				83B59499262E4DDA0046A830 /* Focus */,
				83B594AA262E4DDD0046A830 /* FocusTests */,
				83B594B5262E4DDD0046A830 /* FocusUITests */,
			);
		};
/* End PBXProject section */

/* Begin PBXResourcesBuildPhase section */
		83B59498262E4DDA0046A830 /* Resources */ = {
			isa = PBXResourcesBuildPhase;
			buildActionMask = 2147483647;
			files = (
				83B594A5262E4DDC0046A830 /* Preview Assets.xcassets in Resources */,
				83B594A2262E4DDC0046A830 /* Assets.xcassets in Resources */,
			);
			runOnlyForDeploymentPostprocessing = 0;
		};
		83B594A9262E4DDD0046A830 /* Resources */ = {
			isa = PBXResourcesBuildPhase;
			buildActionMask = 2147483647;
			files = (
			);
			runOnlyForDeploymentPostprocessing = 0;
		};
		83B594B4262E4DDD0046A830 /* Resources */ = {
			isa = PBXResourcesBuildPhase;
			buildActionMask = 2147483647;
			files = (
			);
			runOnlyForDeploymentPostprocessing = 0;
		};
/* End PBXResourcesBuildPhase section */

/* Begin PBXSourcesBuildPhase section */
		83B59496262E4DDA0046A830 /* Sources */ = {
			isa = PBXSourcesBuildPhase;
			buildActionMask = 2147483647;
			files = (
				48D17CCB264A02A6009C97B8 /* Signup_Done.swift in Sources */,
				48D17CA626460DB6009C97B8 /* Signup.swift in Sources */,
				480D9819264A072C00A6EBA4 /* ContentView.swift in Sources */,
				83B5949E262E4DDA0046A830 /* FocusApp.swift in Sources */,
				835E5EFE26538539007F88CD /* TimerInputField.swift in Sources */,
				839BC3642649FF180080C7F9 /* iOSUser.swift in Sources */,
				839BC366264A01CA0080C7F9 /* FocusRound.swift in Sources */,
				839BC36A264A3CEE0080C7F9 /* Icon.swift in Sources */,
				839BC360264654A20080C7F9 /* ContentView.swift in Sources */,
				8372F8342645E154009F2351 /* CountDown.swift in Sources */,
				839BC362264659180080C7F9 /* PopUpWindow.swift in Sources */,
				48D17C99264602E5009C97B8 /* Login.swift in Sources */,
				48D031CA264A2D0B00406FFA /* Forget1.swift in Sources */,
				835E5F0026538E70007F88CD /* ChooseAnimalView.swift in Sources */,
			);
			runOnlyForDeploymentPostprocessing = 0;
		};
		83B594A7262E4DDD0046A830 /* Sources */ = {
			isa = PBXSourcesBuildPhase;
			buildActionMask = 2147483647;
			files = (
				83B594B0262E4DDD0046A830 /* FocusTests.swift in Sources */,
			);
			runOnlyForDeploymentPostprocessing = 0;
		};
		83B594B2262E4DDD0046A830 /* Sources */ = {
			isa = PBXSourcesBuildPhase;
			buildActionMask = 2147483647;
			files = (
				83B594BB262E4DDD0046A830 /* FocusUITests.swift in Sources */,
			);
			runOnlyForDeploymentPostprocessing = 0;
		};
/* End PBXSourcesBuildPhase section */

/* Begin PBXTargetDependency section */
		83B594AD262E4DDD0046A830 /* PBXTargetDependency */ = {
			isa = PBXTargetDependency;
			target = 83B59499262E4DDA0046A830 /* Focus */;
			targetProxy = 83B594AC262E4DDD0046A830 /* PBXContainerItemProxy */;
		};
		83B594B8262E4DDD0046A830 /* PBXTargetDependency */ = {
			isa = PBXTargetDependency;
			target = 83B59499262E4DDA0046A830 /* Focus */;
			targetProxy = 83B594B7262E4DDD0046A830 /* PBXContainerItemProxy */;
		};
/* End PBXTargetDependency section */

/* Begin XCBuildConfiguration section */
		83B594BD262E4DDD0046A830 /* Debug */ = {
			isa = XCBuildConfiguration;
			buildSettings = {
				ALWAYS_SEARCH_USER_PATHS = NO;
				CLANG_ANALYZER_NONNULL = YES;
				CLANG_ANALYZER_NUMBER_OBJECT_CONVERSION = YES_AGGRESSIVE;
				CLANG_CXX_LANGUAGE_STANDARD = "gnu++14";
				CLANG_CXX_LIBRARY = "libc++";
				CLANG_ENABLE_MODULES = YES;
				CLANG_ENABLE_OBJC_ARC = YES;
				CLANG_ENABLE_OBJC_WEAK = YES;
				CLANG_WARN_BLOCK_CAPTURE_AUTORELEASING = YES;
				CLANG_WARN_BOOL_CONVERSION = YES;
				CLANG_WARN_COMMA = YES;
				CLANG_WARN_CONSTANT_CONVERSION = YES;
				CLANG_WARN_DEPRECATED_OBJC_IMPLEMENTATIONS = YES;
				CLANG_WARN_DIRECT_OBJC_ISA_USAGE = YES_ERROR;
				CLANG_WARN_DOCUMENTATION_COMMENTS = YES;
				CLANG_WARN_EMPTY_BODY = YES;
				CLANG_WARN_ENUM_CONVERSION = YES;
				CLANG_WARN_INFINITE_RECURSION = YES;
				CLANG_WARN_INT_CONVERSION = YES;
				CLANG_WARN_NON_LITERAL_NULL_CONVERSION = YES;
				CLANG_WARN_OBJC_IMPLICIT_RETAIN_SELF = YES;
				CLANG_WARN_OBJC_LITERAL_CONVERSION = YES;
				CLANG_WARN_OBJC_ROOT_CLASS = YES_ERROR;
				CLANG_WARN_QUOTED_INCLUDE_IN_FRAMEWORK_HEADER = YES;
				CLANG_WARN_RANGE_LOOP_ANALYSIS = YES;
				CLANG_WARN_STRICT_PROTOTYPES = YES;
				CLANG_WARN_SUSPICIOUS_MOVE = YES;
				CLANG_WARN_UNGUARDED_AVAILABILITY = YES_AGGRESSIVE;
				CLANG_WARN_UNREACHABLE_CODE = YES;
				CLANG_WARN__DUPLICATE_METHOD_MATCH = YES;
				COPY_PHASE_STRIP = NO;
				DEBUG_INFORMATION_FORMAT = dwarf;
				ENABLE_STRICT_OBJC_MSGSEND = YES;
				ENABLE_TESTABILITY = YES;
				GCC_C_LANGUAGE_STANDARD = gnu11;
				GCC_DYNAMIC_NO_PIC = NO;
				GCC_NO_COMMON_BLOCKS = YES;
				GCC_OPTIMIZATION_LEVEL = 0;
				GCC_PREPROCESSOR_DEFINITIONS = (
					"DEBUG=1",
					"$(inherited)",
				);
				GCC_WARN_64_TO_32_BIT_CONVERSION = YES;
				GCC_WARN_ABOUT_RETURN_TYPE = YES_ERROR;
				GCC_WARN_UNDECLARED_SELECTOR = YES;
				GCC_WARN_UNINITIALIZED_AUTOS = YES_AGGRESSIVE;
				GCC_WARN_UNUSED_FUNCTION = YES;
				GCC_WARN_UNUSED_VARIABLE = YES;
				IPHONEOS_DEPLOYMENT_TARGET = 14.4;
				MTL_ENABLE_DEBUG_INFO = INCLUDE_SOURCE;
				MTL_FAST_MATH = YES;
				ONLY_ACTIVE_ARCH = YES;
				SDKROOT = iphoneos;
				SWIFT_ACTIVE_COMPILATION_CONDITIONS = DEBUG;
				SWIFT_OPTIMIZATION_LEVEL = "-Onone";
			};
			name = Debug;
		};
		83B594BE262E4DDD0046A830 /* Release */ = {
			isa = XCBuildConfiguration;
			buildSettings = {
				ALWAYS_SEARCH_USER_PATHS = NO;
				CLANG_ANALYZER_NONNULL = YES;
				CLANG_ANALYZER_NUMBER_OBJECT_CONVERSION = YES_AGGRESSIVE;
				CLANG_CXX_LANGUAGE_STANDARD = "gnu++14";
				CLANG_CXX_LIBRARY = "libc++";
				CLANG_ENABLE_MODULES = YES;
				CLANG_ENABLE_OBJC_ARC = YES;
				CLANG_ENABLE_OBJC_WEAK = YES;
				CLANG_WARN_BLOCK_CAPTURE_AUTORELEASING = YES;
				CLANG_WARN_BOOL_CONVERSION = YES;
				CLANG_WARN_COMMA = YES;
				CLANG_WARN_CONSTANT_CONVERSION = YES;
				CLANG_WARN_DEPRECATED_OBJC_IMPLEMENTATIONS = YES;
				CLANG_WARN_DIRECT_OBJC_ISA_USAGE = YES_ERROR;
				CLANG_WARN_DOCUMENTATION_COMMENTS = YES;
				CLANG_WARN_EMPTY_BODY = YES;
				CLANG_WARN_ENUM_CONVERSION = YES;
				CLANG_WARN_INFINITE_RECURSION = YES;
				CLANG_WARN_INT_CONVERSION = YES;
				CLANG_WARN_NON_LITERAL_NULL_CONVERSION = YES;
				CLANG_WARN_OBJC_IMPLICIT_RETAIN_SELF = YES;
				CLANG_WARN_OBJC_LITERAL_CONVERSION = YES;
				CLANG_WARN_OBJC_ROOT_CLASS = YES_ERROR;
				CLANG_WARN_QUOTED_INCLUDE_IN_FRAMEWORK_HEADER = YES;
				CLANG_WARN_RANGE_LOOP_ANALYSIS = YES;
				CLANG_WARN_STRICT_PROTOTYPES = YES;
				CLANG_WARN_SUSPICIOUS_MOVE = YES;
				CLANG_WARN_UNGUARDED_AVAILABILITY = YES_AGGRESSIVE;
				CLANG_WARN_UNREACHABLE_CODE = YES;
				CLANG_WARN__DUPLICATE_METHOD_MATCH = YES;
				COPY_PHASE_STRIP = NO;
				DEBUG_INFORMATION_FORMAT = "dwarf-with-dsym";
				ENABLE_NS_ASSERTIONS = NO;
				ENABLE_STRICT_OBJC_MSGSEND = YES;
				GCC_C_LANGUAGE_STANDARD = gnu11;
				GCC_NO_COMMON_BLOCKS = YES;
				GCC_WARN_64_TO_32_BIT_CONVERSION = YES;
				GCC_WARN_ABOUT_RETURN_TYPE = YES_ERROR;
				GCC_WARN_UNDECLARED_SELECTOR = YES;
				GCC_WARN_UNINITIALIZED_AUTOS = YES_AGGRESSIVE;
				GCC_WARN_UNUSED_FUNCTION = YES;
				GCC_WARN_UNUSED_VARIABLE = YES;
				IPHONEOS_DEPLOYMENT_TARGET = 14.4;
				MTL_ENABLE_DEBUG_INFO = NO;
				MTL_FAST_MATH = YES;
				SDKROOT = iphoneos;
				SWIFT_COMPILATION_MODE = wholemodule;
				SWIFT_OPTIMIZATION_LEVEL = "-O";
				VALIDATE_PRODUCT = YES;
			};
			name = Release;
		};
		83B594C0262E4DDD0046A830 /* Debug */ = {
			isa = XCBuildConfiguration;
			buildSettings = {
				ASSETCATALOG_COMPILER_APPICON_NAME = AppIcon;
				ASSETCATALOG_COMPILER_GLOBAL_ACCENT_COLOR_NAME = AccentColor;
				CODE_SIGN_STYLE = Automatic;
				DEVELOPMENT_ASSET_PATHS = "\"Focus/Preview Content\"";
				ENABLE_PREVIEWS = YES;
				INFOPLIST_FILE = Focus/Info.plist;
				IPHONEOS_DEPLOYMENT_TARGET = 14.0;
				LD_RUNPATH_SEARCH_PATHS = (
					"$(inherited)",
					"@executable_path/Frameworks",
				);
				PRODUCT_BUNDLE_IDENTIFIER = CWC.Focus;
				PRODUCT_NAME = "$(TARGET_NAME)";
				SWIFT_VERSION = 5.0;
				TARGETED_DEVICE_FAMILY = "1,2";
			};
			name = Debug;
		};
		83B594C1262E4DDD0046A830 /* Release */ = {
			isa = XCBuildConfiguration;
			buildSettings = {
				ASSETCATALOG_COMPILER_APPICON_NAME = AppIcon;
				ASSETCATALOG_COMPILER_GLOBAL_ACCENT_COLOR_NAME = AccentColor;
				CODE_SIGN_STYLE = Automatic;
				DEVELOPMENT_ASSET_PATHS = "\"Focus/Preview Content\"";
				ENABLE_PREVIEWS = YES;
				INFOPLIST_FILE = Focus/Info.plist;
				IPHONEOS_DEPLOYMENT_TARGET = 14.0;
				LD_RUNPATH_SEARCH_PATHS = (
					"$(inherited)",
					"@executable_path/Frameworks",
				);
				PRODUCT_BUNDLE_IDENTIFIER = CWC.Focus;
				PRODUCT_NAME = "$(TARGET_NAME)";
				SWIFT_VERSION = 5.0;
				TARGETED_DEVICE_FAMILY = "1,2";
			};
			name = Release;
		};
		83B594C3262E4DDD0046A830 /* Debug */ = {
			isa = XCBuildConfiguration;
			buildSettings = {
				ALWAYS_EMBED_SWIFT_STANDARD_LIBRARIES = YES;
				BUNDLE_LOADER = "$(TEST_HOST)";
				CODE_SIGN_STYLE = Automatic;
				INFOPLIST_FILE = FocusTests/Info.plist;
				IPHONEOS_DEPLOYMENT_TARGET = 14.0;
				LD_RUNPATH_SEARCH_PATHS = (
					"$(inherited)",
					"@executable_path/Frameworks",
					"@loader_path/Frameworks",
				);
				PRODUCT_BUNDLE_IDENTIFIER = CWC.FocusTests;
				PRODUCT_NAME = "$(TARGET_NAME)";
				SWIFT_VERSION = 5.0;
				TARGETED_DEVICE_FAMILY = "1,2";
				TEST_HOST = "$(BUILT_PRODUCTS_DIR)/Focus.app/Focus";
			};
			name = Debug;
		};
		83B594C4262E4DDD0046A830 /* Release */ = {
			isa = XCBuildConfiguration;
			buildSettings = {
				ALWAYS_EMBED_SWIFT_STANDARD_LIBRARIES = YES;
				BUNDLE_LOADER = "$(TEST_HOST)";
				CODE_SIGN_STYLE = Automatic;
				INFOPLIST_FILE = FocusTests/Info.plist;
				IPHONEOS_DEPLOYMENT_TARGET = 14.0;
				LD_RUNPATH_SEARCH_PATHS = (
					"$(inherited)",
					"@executable_path/Frameworks",
					"@loader_path/Frameworks",
				);
				PRODUCT_BUNDLE_IDENTIFIER = CWC.FocusTests;
				PRODUCT_NAME = "$(TARGET_NAME)";
				SWIFT_VERSION = 5.0;
				TARGETED_DEVICE_FAMILY = "1,2";
				TEST_HOST = "$(BUILT_PRODUCTS_DIR)/Focus.app/Focus";
			};
			name = Release;
		};
		83B594C6262E4DDD0046A830 /* Debug */ = {
			isa = XCBuildConfiguration;
			buildSettings = {
				ALWAYS_EMBED_SWIFT_STANDARD_LIBRARIES = YES;
				CODE_SIGN_STYLE = Automatic;
				INFOPLIST_FILE = FocusUITests/Info.plist;
				LD_RUNPATH_SEARCH_PATHS = (
					"$(inherited)",
					"@executable_path/Frameworks",
					"@loader_path/Frameworks",
				);
				PRODUCT_BUNDLE_IDENTIFIER = CWC.FocusUITests;
				PRODUCT_NAME = "$(TARGET_NAME)";
				SWIFT_VERSION = 5.0;
				TARGETED_DEVICE_FAMILY = "1,2";
				TEST_TARGET_NAME = Focus;
			};
			name = Debug;
		};
		83B594C7262E4DDD0046A830 /* Release */ = {
			isa = XCBuildConfiguration;
			buildSettings = {
				ALWAYS_EMBED_SWIFT_STANDARD_LIBRARIES = YES;
				CODE_SIGN_STYLE = Automatic;
				INFOPLIST_FILE = FocusUITests/Info.plist;
				LD_RUNPATH_SEARCH_PATHS = (
					"$(inherited)",
					"@executable_path/Frameworks",
					"@loader_path/Frameworks",
				);
				PRODUCT_BUNDLE_IDENTIFIER = CWC.FocusUITests;
				PRODUCT_NAME = "$(TARGET_NAME)";
				SWIFT_VERSION = 5.0;
				TARGETED_DEVICE_FAMILY = "1,2";
				TEST_TARGET_NAME = Focus;
			};
			name = Release;
		};
/* End XCBuildConfiguration section */

/* Begin XCConfigurationList section */
		83B59495262E4DDA0046A830 /* Build configuration list for PBXProject "Focus" */ = {
			isa = XCConfigurationList;
			buildConfigurations = (
				83B594BD262E4DDD0046A830 /* Debug */,
				83B594BE262E4DDD0046A830 /* Release */,
			);
			defaultConfigurationIsVisible = 0;
			defaultConfigurationName = Release;
		};
		83B594BF262E4DDD0046A830 /* Build configuration list for PBXNativeTarget "Focus" */ = {
			isa = XCConfigurationList;
			buildConfigurations = (
				83B594C0262E4DDD0046A830 /* Debug */,
				83B594C1262E4DDD0046A830 /* Release */,
			);
			defaultConfigurationIsVisible = 0;
			defaultConfigurationName = Release;
		};
		83B594C2262E4DDD0046A830 /* Build configuration list for PBXNativeTarget "FocusTests" */ = {
			isa = XCConfigurationList;
			buildConfigurations = (
				83B594C3262E4DDD0046A830 /* Debug */,
				83B594C4262E4DDD0046A830 /* Release */,
			);
			defaultConfigurationIsVisible = 0;
			defaultConfigurationName = Release;
		};
		83B594C5262E4DDD0046A830 /* Build configuration list for PBXNativeTarget "FocusUITests" */ = {
			isa = XCConfigurationList;
			buildConfigurations = (
				83B594C6262E4DDD0046A830 /* Debug */,
				83B594C7262E4DDD0046A830 /* Release */,
			);
			defaultConfigurationIsVisible = 0;
			defaultConfigurationName = Release;
		};
/* End XCConfigurationList section */
	};
	rootObject = 83B59492262E4DDA0046A830 /* Project object */;
}
